# This file is automatically @generated by Cargo.
# It is not intended for manual editing.
version = 4

[[package]]
name = "provenance-acceptance"
version = "0.1.0"
dependencies = [
 "provenance-adapters",
 "provenance-core",
 "provenance-domain",
]

[[package]]
name = "provenance-adapters"
version = "0.1.0"
dependencies = [
 "provenance-core",
 "provenance-domain",
]

[[package]]
name = "provenance-cli"
version = "0.1.0"
dependencies = [
 "provenance-domain",
]

[[package]]
name = "provenance-core"
version = "0.1.0"
dependencies = [
 "provenance-domain",
]

[[package]]
name = "provenance-domain"
version = "0.1.0"
